
Microsoft Visual Studio Solution File, Format Version 12.00
# Visual Studio Version 17
VisualStudioVersion = 17.7.34202.233
MinimumVisualStudioVersion = 10.0.40219.1
Project("{FAE04EC0-301F-11D3-BF4B-00C04F79EFBC}") = "Exercício 17 (2)", "Exercício 17 (2)\Exercício 17 (2).csproj", "{4304C83D-B1A9-4D13-98FF-FF689010DDEC}"
EndProject
Global
	GlobalSection(SolutionConfigurationPlatforms) = preSolution
		Debug|Any CPU = Debug|Any CPU
		Release|Any CPU = Release|Any CPU
	EndGlobalSection
	GlobalSection(ProjectConfigurationPlatforms) = postSolution
		{4304C83D-B1A9-4D13-98FF-FF689010DDEC}.Debug|Any CPU.ActiveCfg = Debug|Any CPU
		{4304C83D-B1A9-4D13-98FF-FF689010DDEC}.Debug|Any CPU.Build.0 = Debug|Any CPU
		{4304C83D-B1A9-4D13-98FF-FF689010DDEC}.Release|Any CPU.ActiveCfg = Release|Any CPU
		{4304C83D-B1A9-4D13-98FF-FF689010DDEC}.Release|Any CPU.Build.0 = Release|Any CPU
	EndGlobalSection
	GlobalSection(SolutionProperties) = preSolution
		HideSolutionNode = FALSE
	EndGlobalSection
	GlobalSection(ExtensibilityGlobals) = postSolution
		SolutionGuid = {649B9896-8B1B-4730-B5A2-63C5D4AF602C}
	EndGlobalSection
EndGlobal
